
Microsoft Visual Studio Solution File, Format Version 12.00
# Visual Studio Version 17
VisualStudioVersion = 17.8.34525.116
MinimumVisualStudioVersion = 10.0.40219.1
Project("{FAE04EC0-301F-11D3-BF4B-00C04F79EFBC}") = "DockerApp", "DockerApp\DockerApp.csproj", "{4D580872-614B-40A9-A078-AEF130F11291}"
EndProject
Global
	GlobalSection(SolutionConfigurationPlatforms) = preSolution
		Debug|Any CPU = Debug|Any CPU
		Release|Any CPU = Release|Any CPU
	EndGlobalSection
	GlobalSection(ProjectConfigurationPlatforms) = postSolution
		{4D580872-614B-40A9-A078-AEF130F11291}.Debug|Any CPU.ActiveCfg = Debug|Any CPU
		{4D580872-614B-40A9-A078-AEF130F11291}.Debug|Any CPU.Build.0 = Debug|Any CPU
		{4D580872-614B-40A9-A078-AEF130F11291}.Release|Any CPU.ActiveCfg = Release|Any CPU
		{4D580872-614B-40A9-A078-AEF130F11291}.Release|Any CPU.Build.0 = Release|Any CPU
	EndGlobalSection
	GlobalSection(SolutionProperties) = preSolution
		HideSolutionNode = FALSE
	EndGlobalSection
	GlobalSection(ExtensibilityGlobals) = postSolution
		SolutionGuid = {9CF35D0E-66F7-4036-B97D-1596BFB64E80}
	EndGlobalSection
EndGlobal
